
Microsoft Visual Studio Solution File, Format Version 11.00
# Visual Studio 2010
Project("{FAE04EC0-301F-11D3-BF4B-00C04F79EFBC}") = "PSTSeachEngineGUI", "PSTSearchEngineGUI\PSTSearchEngineGUI.csproj", "{B5355677-4B60-4A02-AF3D-26B844D8ADC1}"
EndProject
Project("{54435603-DBB4-11D2-8724-00A0C9A8B90C}") = "PSTSearchEngine", "PSTSearchEngine\PSTSearchEngine.vdproj", "{D4DD83B8-E22B-4172-A7F0-D0A5D6178004}"
EndProject
Project("{FAE04EC0-301F-11D3-BF4B-00C04F79EFBC}") = "GMS", "GMS\GMS\GMS.csproj", "{6141A936-DF6C-4D33-B3D5-5949F06F9197}"
EndProject
Global
	GlobalSection(SolutionConfigurationPlatforms) = preSolution
		Debug|Any CPU = Debug|Any CPU
		Release|Any CPU = Release|Any CPU
	EndGlobalSection
	GlobalSection(ProjectConfigurationPlatforms) = postSolution
		{B5355677-4B60-4A02-AF3D-26B844D8ADC1}.Debug|Any CPU.ActiveCfg = Debug|Any CPU
		{B5355677-4B60-4A02-AF3D-26B844D8ADC1}.Debug|Any CPU.Build.0 = Debug|Any CPU
		{B5355677-4B60-4A02-AF3D-26B844D8ADC1}.Release|Any CPU.ActiveCfg = Release|Any CPU
		{B5355677-4B60-4A02-AF3D-26B844D8ADC1}.Release|Any CPU.Build.0 = Release|Any CPU
		{D4DD83B8-E22B-4172-A7F0-D0A5D6178004}.Debug|Any CPU.ActiveCfg = Debug
		{D4DD83B8-E22B-4172-A7F0-D0A5D6178004}.Release|Any CPU.ActiveCfg = Release
		{6141A936-DF6C-4D33-B3D5-5949F06F9197}.Debug|Any CPU.ActiveCfg = Debug|Any CPU
		{6141A936-DF6C-4D33-B3D5-5949F06F9197}.Debug|Any CPU.Build.0 = Debug|Any CPU
		{6141A936-DF6C-4D33-B3D5-5949F06F9197}.Release|Any CPU.ActiveCfg = Release|Any CPU
		{6141A936-DF6C-4D33-B3D5-5949F06F9197}.Release|Any CPU.Build.0 = Release|Any CPU
	EndGlobalSection
	GlobalSection(SolutionProperties) = preSolution
		HideSolutionNode = FALSE
	EndGlobalSection
EndGlobal
